
Microsoft Visual Studio Solution File, Format Version 12.00
# Visual Studio Version 17
VisualStudioVersion = 17.0.31903.59
MinimumVisualStudioVersion = 10.0.40219.1
Project("{FAE04EC0-301F-11D3-BF4B-00C04F79EFBC}") = "ConsoleApp1", "ConsoleApp1\ConsoleApp1.csproj", "{55ADA683-F314-4070-BC1B-C7844A279895}"
EndProject
Global
	GlobalSection(SolutionConfigurationPlatforms) = preSolution
		Debug|Any CPU = Debug|Any CPU
		Release|Any CPU = Release|Any CPU
	EndGlobalSection
	GlobalSection(ProjectConfigurationPlatforms) = postSolution
		{55ADA683-F314-4070-BC1B-C7844A279895}.Debug|Any CPU.ActiveCfg = Debug|Any CPU
		{55ADA683-F314-4070-BC1B-C7844A279895}.Debug|Any CPU.Build.0 = Debug|Any CPU
		{55ADA683-F314-4070-BC1B-C7844A279895}.Release|Any CPU.ActiveCfg = Release|Any CPU
		{55ADA683-F314-4070-BC1B-C7844A279895}.Release|Any CPU.Build.0 = Release|Any CPU
	EndGlobalSection
	GlobalSection(SolutionProperties) = preSolution
		HideSolutionNode = FALSE
	EndGlobalSection
	GlobalSection(ExtensibilityGlobals) = postSolution
		SolutionGuid = {2F617F4D-F170-4BCD-91FD-D7776F613C49}
	EndGlobalSection
EndGlobal
